
Microsoft Visual Studio Solution File, Format Version 12.00
# Visual Studio Version 17
VisualStudioVersion = 17.13.35825.156
MinimumVisualStudioVersion = 10.0.40219.1
Project("{E24C65DC-7377-472B-9ABA-BC803B73C61A}") = "exam", "exam\", "{4551C5C9-A8EF-CE6E-6828-5866C27D0555}"
	ProjectSection(WebsiteProperties) = preProject
		TargetFrameworkMoniker = ".NETFramework,Version%3Dv4.7.2"
		Debug.AspNetCompiler.VirtualPath = "/localhost_52589"
		Debug.AspNetCompiler.PhysicalPath = "exam\"
		Debug.AspNetCompiler.TargetPath = "PrecompiledWeb\localhost_52589\"
		Debug.AspNetCompiler.Updateable = "true"
		Debug.AspNetCompiler.ForceOverwrite = "true"
		Debug.AspNetCompiler.FixedNames = "false"
		Debug.AspNetCompiler.Debug = "True"
		Release.AspNetCompiler.VirtualPath = "/localhost_52589"
		Release.AspNetCompiler.PhysicalPath = "exam\"
		Release.AspNetCompiler.TargetPath = "PrecompiledWeb\localhost_52589\"
		Release.AspNetCompiler.Updateable = "true"
		Release.AspNetCompiler.ForceOverwrite = "true"
		Release.AspNetCompiler.FixedNames = "false"
		Release.AspNetCompiler.Debug = "False"
		VWDPort = "52589"
		DefaultWebSiteLanguage = "Visual C#"
	EndProjectSection
EndProject
Global
	GlobalSection(SolutionConfigurationPlatforms) = preSolution
		Debug|Any CPU = Debug|Any CPU
	EndGlobalSection
	GlobalSection(ProjectConfigurationPlatforms) = postSolution
		{4551C5C9-A8EF-CE6E-6828-5866C27D0555}.Debug|Any CPU.ActiveCfg = Debug|Any CPU
		{4551C5C9-A8EF-CE6E-6828-5866C27D0555}.Debug|Any CPU.Build.0 = Debug|Any CPU
	EndGlobalSection
	GlobalSection(SolutionProperties) = preSolution
		HideSolutionNode = FALSE
	EndGlobalSection
	GlobalSection(ExtensibilityGlobals) = postSolution
		SolutionGuid = {BAED9936-7DC4-4C18-B2C6-0051C29841B2}
	EndGlobalSection
EndGlobal
